
Microsoft Visual Studio Solution File, Format Version 12.00
# Visual Studio Version 17
VisualStudioVersion = 17.5.002.0
MinimumVisualStudioVersion = 10.0.40219.1
Project("{9A19103F-16F7-4668-BE54-9A1E7A4F7556}") = "DiceGame", "DiceGame\DiceGame.csproj", "{5F247AEE-E83D-4EDE-B365-01E1FC637E5B}"
EndProject
Global
	GlobalSection(SolutionConfigurationPlatforms) = preSolution
		Debug|Any CPU = Debug|Any CPU
		Release|Any CPU = Release|Any CPU
	EndGlobalSection
	GlobalSection(ProjectConfigurationPlatforms) = postSolution
		{5F247AEE-E83D-4EDE-B365-01E1FC637E5B}.Debug|Any CPU.ActiveCfg = Debug|Any CPU
		{5F247AEE-E83D-4EDE-B365-01E1FC637E5B}.Debug|Any CPU.Build.0 = Debug|Any CPU
		{5F247AEE-E83D-4EDE-B365-01E1FC637E5B}.Release|Any CPU.ActiveCfg = Release|Any CPU
		{5F247AEE-E83D-4EDE-B365-01E1FC637E5B}.Release|Any CPU.Build.0 = Release|Any CPU
	EndGlobalSection
	GlobalSection(SolutionProperties) = preSolution
		HideSolutionNode = FALSE
	EndGlobalSection
	GlobalSection(ExtensibilityGlobals) = postSolution
		SolutionGuid = {82AB4CD7-9F34-40BD-91E9-057315000AE8}
	EndGlobalSection
EndGlobal
